
Microsoft Visual Studio Solution File, Format Version 12.00
# Visual Studio Version 17
VisualStudioVersion = 17.11.35222.181
MinimumVisualStudioVersion = 10.0.40219.1
Project("{FAE04EC0-301F-11D3-BF4B-00C04F79EFBC}") = "Exercicio2", "Exercicio2\Exercicio2.csproj", "{1539B2CF-5C04-41D2-933D-524E73876851}"
EndProject
Global
	GlobalSection(SolutionConfigurationPlatforms) = preSolution
		Debug|Any CPU = Debug|Any CPU
		Release|Any CPU = Release|Any CPU
	EndGlobalSection
	GlobalSection(ProjectConfigurationPlatforms) = postSolution
		{1539B2CF-5C04-41D2-933D-524E73876851}.Debug|Any CPU.ActiveCfg = Debug|Any CPU
		{1539B2CF-5C04-41D2-933D-524E73876851}.Debug|Any CPU.Build.0 = Debug|Any CPU
		{1539B2CF-5C04-41D2-933D-524E73876851}.Release|Any CPU.ActiveCfg = Release|Any CPU
		{1539B2CF-5C04-41D2-933D-524E73876851}.Release|Any CPU.Build.0 = Release|Any CPU
	EndGlobalSection
	GlobalSection(SolutionProperties) = preSolution
		HideSolutionNode = FALSE
	EndGlobalSection
	GlobalSection(ExtensibilityGlobals) = postSolution
		SolutionGuid = {13091A17-D36A-4ED5-845C-52FA1F98BFFF}
	EndGlobalSection
EndGlobal
