
Microsoft Visual Studio Solution File, Format Version 12.00
# Visual Studio Version 17
VisualStudioVersion = 17.11.35222.181
MinimumVisualStudioVersion = 10.0.40219.1
Project("{FAE04EC0-301F-11D3-BF4B-00C04F79EFBC}") = "PrimeiroProjeto", "PrimeiroProjeto\PrimeiroProjeto.csproj", "{C41D40A1-472F-4FD5-8554-220481C1E049}"
EndProject
Global
	GlobalSection(SolutionConfigurationPlatforms) = preSolution
		Debug|Any CPU = Debug|Any CPU
		Release|Any CPU = Release|Any CPU
	EndGlobalSection
	GlobalSection(ProjectConfigurationPlatforms) = postSolution
		{C41D40A1-472F-4FD5-8554-220481C1E049}.Debug|Any CPU.ActiveCfg = Debug|Any CPU
		{C41D40A1-472F-4FD5-8554-220481C1E049}.Debug|Any CPU.Build.0 = Debug|Any CPU
		{C41D40A1-472F-4FD5-8554-220481C1E049}.Release|Any CPU.ActiveCfg = Release|Any CPU
		{C41D40A1-472F-4FD5-8554-220481C1E049}.Release|Any CPU.Build.0 = Release|Any CPU
	EndGlobalSection
	GlobalSection(SolutionProperties) = preSolution
		HideSolutionNode = FALSE
	EndGlobalSection
	GlobalSection(ExtensibilityGlobals) = postSolution
		SolutionGuid = {765F2906-1F7B-4352-B1A5-F6809E972661}
	EndGlobalSection
EndGlobal
