
Microsoft Visual Studio Solution File, Format Version 12.00
# Visual Studio Version 17
VisualStudioVersion = 17.11.35222.181
MinimumVisualStudioVersion = 10.0.40219.1
Project("{FAE04EC0-301F-11D3-BF4B-00C04F79EFBC}") = "Exercicios3", "Exercicios3\Exercicios3.csproj", "{9CC054B2-8329-4F70-8855-4D6D9A0207D1}"
EndProject
Global
	GlobalSection(SolutionConfigurationPlatforms) = preSolution
		Debug|Any CPU = Debug|Any CPU
		Release|Any CPU = Release|Any CPU
	EndGlobalSection
	GlobalSection(ProjectConfigurationPlatforms) = postSolution
		{9CC054B2-8329-4F70-8855-4D6D9A0207D1}.Debug|Any CPU.ActiveCfg = Debug|Any CPU
		{9CC054B2-8329-4F70-8855-4D6D9A0207D1}.Debug|Any CPU.Build.0 = Debug|Any CPU
		{9CC054B2-8329-4F70-8855-4D6D9A0207D1}.Release|Any CPU.ActiveCfg = Release|Any CPU
		{9CC054B2-8329-4F70-8855-4D6D9A0207D1}.Release|Any CPU.Build.0 = Release|Any CPU
	EndGlobalSection
	GlobalSection(SolutionProperties) = preSolution
		HideSolutionNode = FALSE
	EndGlobalSection
	GlobalSection(ExtensibilityGlobals) = postSolution
		SolutionGuid = {5964D279-3D8B-434C-9D69-28629184ED2B}
	EndGlobalSection
EndGlobal
